
Microsoft Visual Studio Solution File, Format Version 11.00
# Visual Studio 2010
Project("{8BC9CEB8-8B4A-11D0-8D11-00A0C91BC942}") = "d12_p1", "d12_p1.vcxproj", "{1A682E85-86A4-4E87-A1F2-B47E14BE5FC3}"
EndProject
Project("{8BC9CEB8-8B4A-11D0-8D11-00A0C91BC942}") = "d12_p2", "d12_p2\d12_p2.vcxproj", "{FB444604-62E8-452C-83E4-5A55C206A51F}"
EndProject
Project("{8BC9CEB8-8B4A-11D0-8D11-00A0C91BC942}") = "d12_p3", "d12_p3\d12_p3.vcxproj", "{32514B03-6A4D-4333-8A9D-D55E118336F8}"
EndProject
Project("{8BC9CEB8-8B4A-11D0-8D11-00A0C91BC942}") = "d12_p4", "d12_p4\d12_p4.vcxproj", "{3358199F-CF74-40A3-8FB1-8D6D39B99908}"
EndProject
Project("{8BC9CEB8-8B4A-11D0-8D11-00A0C91BC942}") = "d12_p5", "d12_p5\d12_p5.vcxproj", "{847D3605-E0F8-4F71-B67F-CF0AFB417938}"
EndProject
Project("{8BC9CEB8-8B4A-11D0-8D11-00A0C91BC942}") = "d12_p6", "d12_p6\d12_p6.vcxproj", "{003F4935-FBCF-4F85-8CD3-B170899A9783}"
EndProject
Project("{8BC9CEB8-8B4A-11D0-8D11-00A0C91BC942}") = "d12_p7", "d12_p7\d12_p7.vcxproj", "{90DA7C1B-7B91-4B44-B634-D1DA3B08C2AD}"
EndProject
Project("{8BC9CEB8-8B4A-11D0-8D11-00A0C91BC942}") = "d12_p8b", "d12_8b\d12_8b.vcxproj", "{F037801E-D128-4D3F-90BF-DAFE48AE6990}"
EndProject
Project("{8BC9CEB8-8B4A-11D0-8D11-00A0C91BC942}") = "d12_p9", "d12_p9\d12_p9.vcxproj", "{68DD481B-A8B4-429D-9B58-58997AD792B0}"
EndProject
Project("{8BC9CEB8-8B4A-11D0-8D11-00A0C91BC942}") = "d12_p10", "d12_p10\d12_p10.vcxproj", "{8C0ABB67-2C35-48C3-8BA0-FCFE18B16A37}"
EndProject
Project("{8BC9CEB8-8B4A-11D0-8D11-00A0C91BC942}") = "d12_p8", "d12_8a\d12_p8.vcxproj", "{DDFAFE02-6C93-4629-8431-1963BE9573EF}"
EndProject
Global
	GlobalSection(SolutionConfigurationPlatforms) = preSolution
		Debug|Win32 = Debug|Win32
		Release|Win32 = Release|Win32
	EndGlobalSection
	GlobalSection(ProjectConfigurationPlatforms) = postSolution
		{1A682E85-86A4-4E87-A1F2-B47E14BE5FC3}.Debug|Win32.ActiveCfg = Debug|Win32
		{1A682E85-86A4-4E87-A1F2-B47E14BE5FC3}.Debug|Win32.Build.0 = Debug|Win32
		{1A682E85-86A4-4E87-A1F2-B47E14BE5FC3}.Release|Win32.ActiveCfg = Release|Win32
		{1A682E85-86A4-4E87-A1F2-B47E14BE5FC3}.Release|Win32.Build.0 = Release|Win32
		{FB444604-62E8-452C-83E4-5A55C206A51F}.Debug|Win32.ActiveCfg = Debug|Win32
		{FB444604-62E8-452C-83E4-5A55C206A51F}.Debug|Win32.Build.0 = Debug|Win32
		{FB444604-62E8-452C-83E4-5A55C206A51F}.Release|Win32.ActiveCfg = Release|Win32
		{FB444604-62E8-452C-83E4-5A55C206A51F}.Release|Win32.Build.0 = Release|Win32
		{32514B03-6A4D-4333-8A9D-D55E118336F8}.Debug|Win32.ActiveCfg = Debug|Win32
		{32514B03-6A4D-4333-8A9D-D55E118336F8}.Debug|Win32.Build.0 = Debug|Win32
		{32514B03-6A4D-4333-8A9D-D55E118336F8}.Release|Win32.ActiveCfg = Release|Win32
		{32514B03-6A4D-4333-8A9D-D55E118336F8}.Release|Win32.Build.0 = Release|Win32
		{3358199F-CF74-40A3-8FB1-8D6D39B99908}.Debug|Win32.ActiveCfg = Debug|Win32
		{3358199F-CF74-40A3-8FB1-8D6D39B99908}.Debug|Win32.Build.0 = Debug|Win32
		{3358199F-CF74-40A3-8FB1-8D6D39B99908}.Release|Win32.ActiveCfg = Release|Win32
		{3358199F-CF74-40A3-8FB1-8D6D39B99908}.Release|Win32.Build.0 = Release|Win32
		{847D3605-E0F8-4F71-B67F-CF0AFB417938}.Debug|Win32.ActiveCfg = Debug|Win32
		{847D3605-E0F8-4F71-B67F-CF0AFB417938}.Debug|Win32.Build.0 = Debug|Win32
		{847D3605-E0F8-4F71-B67F-CF0AFB417938}.Release|Win32.ActiveCfg = Release|Win32
		{847D3605-E0F8-4F71-B67F-CF0AFB417938}.Release|Win32.Build.0 = Release|Win32
		{003F4935-FBCF-4F85-8CD3-B170899A9783}.Debug|Win32.ActiveCfg = Debug|Win32
		{003F4935-FBCF-4F85-8CD3-B170899A9783}.Debug|Win32.Build.0 = Debug|Win32
		{003F4935-FBCF-4F85-8CD3-B170899A9783}.Release|Win32.ActiveCfg = Release|Win32
		{003F4935-FBCF-4F85-8CD3-B170899A9783}.Release|Win32.Build.0 = Release|Win32
		{90DA7C1B-7B91-4B44-B634-D1DA3B08C2AD}.Debug|Win32.ActiveCfg = Debug|Win32
		{90DA7C1B-7B91-4B44-B634-D1DA3B08C2AD}.Debug|Win32.Build.0 = Debug|Win32
		{90DA7C1B-7B91-4B44-B634-D1DA3B08C2AD}.Release|Win32.ActiveCfg = Release|Win32
		{90DA7C1B-7B91-4B44-B634-D1DA3B08C2AD}.Release|Win32.Build.0 = Release|Win32
		{F037801E-D128-4D3F-90BF-DAFE48AE6990}.Debug|Win32.ActiveCfg = Debug|Win32
		{F037801E-D128-4D3F-90BF-DAFE48AE6990}.Debug|Win32.Build.0 = Debug|Win32
		{F037801E-D128-4D3F-90BF-DAFE48AE6990}.Release|Win32.ActiveCfg = Release|Win32
		{F037801E-D128-4D3F-90BF-DAFE48AE6990}.Release|Win32.Build.0 = Release|Win32
		{68DD481B-A8B4-429D-9B58-58997AD792B0}.Debug|Win32.ActiveCfg = Debug|Win32
		{68DD481B-A8B4-429D-9B58-58997AD792B0}.Debug|Win32.Build.0 = Debug|Win32
		{68DD481B-A8B4-429D-9B58-58997AD792B0}.Release|Win32.ActiveCfg = Release|Win32
		{68DD481B-A8B4-429D-9B58-58997AD792B0}.Release|Win32.Build.0 = Release|Win32
		{8C0ABB67-2C35-48C3-8BA0-FCFE18B16A37}.Debug|Win32.ActiveCfg = Debug|Win32
		{8C0ABB67-2C35-48C3-8BA0-FCFE18B16A37}.Debug|Win32.Build.0 = Debug|Win32
		{8C0ABB67-2C35-48C3-8BA0-FCFE18B16A37}.Release|Win32.ActiveCfg = Release|Win32
		{8C0ABB67-2C35-48C3-8BA0-FCFE18B16A37}.Release|Win32.Build.0 = Release|Win32
		{DDFAFE02-6C93-4629-8431-1963BE9573EF}.Debug|Win32.ActiveCfg = Debug|Win32
		{DDFAFE02-6C93-4629-8431-1963BE9573EF}.Debug|Win32.Build.0 = Debug|Win32
		{DDFAFE02-6C93-4629-8431-1963BE9573EF}.Release|Win32.ActiveCfg = Release|Win32
		{DDFAFE02-6C93-4629-8431-1963BE9573EF}.Release|Win32.Build.0 = Release|Win32
	EndGlobalSection
	GlobalSection(SolutionProperties) = preSolution
		HideSolutionNode = FALSE
	EndGlobalSection
EndGlobal
